
Microsoft Visual Studio Solution File, Format Version 11.00
# Visual Studio 2010
Project("{8BC9CEB8-8B4A-11D0-8D11-00A0C91BC942}") = "IEdnssec", "KBBar.vcxproj", "{CCA08B3C-A94A-24E9-3371-F3FBBE6737DD}"
EndProject
Project("{54435603-DBB4-11D2-8724-00A0C9A8B90C}") = "DNSSECInstaller", "DNSSECInstaller\DNSSECInstaller.vdproj", "{8BE74328-0D9D-4F65-8122-B9B73C45D605}"
EndProject
Global
	GlobalSection(SolutionConfigurationPlatforms) = preSolution
		Debug|Win32 = Debug|Win32
		Debug|x64 = Debug|x64
		Release MinDependency|Win32 = Release MinDependency|Win32
		Release MinDependency|x64 = Release MinDependency|x64
		Release MinSize|Win32 = Release MinSize|Win32
		Release MinSize|x64 = Release MinSize|x64
		Release|Win32 = Release|Win32
		Release|x64 = Release|x64
		Unicode Debug|Win32 = Unicode Debug|Win32
		Unicode Debug|x64 = Unicode Debug|x64
		Unicode Release MinDependency|Win32 = Unicode Release MinDependency|Win32
		Unicode Release MinDependency|x64 = Unicode Release MinDependency|x64
		Unicode Release MinSize|Win32 = Unicode Release MinSize|Win32
		Unicode Release MinSize|x64 = Unicode Release MinSize|x64
		Description = DNSSEC Validator for IE
	EndGlobalSection
	GlobalSection(ProjectConfigurationPlatforms) = postSolution
		{CCA08B3C-A94A-24E9-3371-F3FBBE6737DD}.Debug|Win32.ActiveCfg = Debug|Win32
		{CCA08B3C-A94A-24E9-3371-F3FBBE6737DD}.Debug|Win32.Build.0 = Debug|Win32
		{CCA08B3C-A94A-24E9-3371-F3FBBE6737DD}.Debug|x64.ActiveCfg = Debug|x64
		{CCA08B3C-A94A-24E9-3371-F3FBBE6737DD}.Debug|x64.Build.0 = Debug|x64
		{CCA08B3C-A94A-24E9-3371-F3FBBE6737DD}.Release MinDependency|Win32.ActiveCfg = Release MinDependency|Win32
		{CCA08B3C-A94A-24E9-3371-F3FBBE6737DD}.Release MinDependency|Win32.Build.0 = Release MinDependency|Win32
		{CCA08B3C-A94A-24E9-3371-F3FBBE6737DD}.Release MinDependency|x64.ActiveCfg = Release MinDependency|x64
		{CCA08B3C-A94A-24E9-3371-F3FBBE6737DD}.Release MinDependency|x64.Build.0 = Release MinDependency|x64
		{CCA08B3C-A94A-24E9-3371-F3FBBE6737DD}.Release MinSize|Win32.ActiveCfg = Release MinSize|Win32
		{CCA08B3C-A94A-24E9-3371-F3FBBE6737DD}.Release MinSize|Win32.Build.0 = Release MinSize|Win32
		{CCA08B3C-A94A-24E9-3371-F3FBBE6737DD}.Release MinSize|x64.ActiveCfg = Release MinSize|x64
		{CCA08B3C-A94A-24E9-3371-F3FBBE6737DD}.Release MinSize|x64.Build.0 = Release MinSize|x64
		{CCA08B3C-A94A-24E9-3371-F3FBBE6737DD}.Release|Win32.ActiveCfg = Release MinSize|Win32
		{CCA08B3C-A94A-24E9-3371-F3FBBE6737DD}.Release|Win32.Build.0 = Release MinSize|Win32
		{CCA08B3C-A94A-24E9-3371-F3FBBE6737DD}.Release|x64.ActiveCfg = Release MinSize|x64
		{CCA08B3C-A94A-24E9-3371-F3FBBE6737DD}.Release|x64.Build.0 = Release MinSize|x64
		{CCA08B3C-A94A-24E9-3371-F3FBBE6737DD}.Unicode Debug|Win32.ActiveCfg = Debug|Win32
		{CCA08B3C-A94A-24E9-3371-F3FBBE6737DD}.Unicode Debug|Win32.Build.0 = Debug|Win32
		{CCA08B3C-A94A-24E9-3371-F3FBBE6737DD}.Unicode Debug|x64.ActiveCfg = Unicode Debug|x64
		{CCA08B3C-A94A-24E9-3371-F3FBBE6737DD}.Unicode Debug|x64.Build.0 = Unicode Debug|x64
		{CCA08B3C-A94A-24E9-3371-F3FBBE6737DD}.Unicode Release MinDependency|Win32.ActiveCfg = Debug|Win32
		{CCA08B3C-A94A-24E9-3371-F3FBBE6737DD}.Unicode Release MinDependency|Win32.Build.0 = Debug|Win32
		{CCA08B3C-A94A-24E9-3371-F3FBBE6737DD}.Unicode Release MinDependency|x64.ActiveCfg = Unicode Release MinDependency|x64
		{CCA08B3C-A94A-24E9-3371-F3FBBE6737DD}.Unicode Release MinDependency|x64.Build.0 = Unicode Release MinDependency|x64
		{CCA08B3C-A94A-24E9-3371-F3FBBE6737DD}.Unicode Release MinSize|Win32.ActiveCfg = Debug|Win32
		{CCA08B3C-A94A-24E9-3371-F3FBBE6737DD}.Unicode Release MinSize|Win32.Build.0 = Debug|Win32
		{CCA08B3C-A94A-24E9-3371-F3FBBE6737DD}.Unicode Release MinSize|x64.ActiveCfg = Unicode Release MinSize|x64
		{CCA08B3C-A94A-24E9-3371-F3FBBE6737DD}.Unicode Release MinSize|x64.Build.0 = Unicode Release MinSize|x64
		{8BE74328-0D9D-4F65-8122-B9B73C45D605}.Debug|Win32.ActiveCfg = Debug
		{8BE74328-0D9D-4F65-8122-B9B73C45D605}.Debug|Win32.Build.0 = Debug
		{8BE74328-0D9D-4F65-8122-B9B73C45D605}.Debug|x64.ActiveCfg = Debug
		{8BE74328-0D9D-4F65-8122-B9B73C45D605}.Debug|x64.Build.0 = Debug
		{8BE74328-0D9D-4F65-8122-B9B73C45D605}.Release MinDependency|Win32.ActiveCfg = Release
		{8BE74328-0D9D-4F65-8122-B9B73C45D605}.Release MinDependency|Win32.Build.0 = Release
		{8BE74328-0D9D-4F65-8122-B9B73C45D605}.Release MinDependency|x64.ActiveCfg = Release
		{8BE74328-0D9D-4F65-8122-B9B73C45D605}.Release MinDependency|x64.Build.0 = Release
		{8BE74328-0D9D-4F65-8122-B9B73C45D605}.Release MinSize|Win32.ActiveCfg = Release
		{8BE74328-0D9D-4F65-8122-B9B73C45D605}.Release MinSize|Win32.Build.0 = Release
		{8BE74328-0D9D-4F65-8122-B9B73C45D605}.Release MinSize|x64.ActiveCfg = Release
		{8BE74328-0D9D-4F65-8122-B9B73C45D605}.Release MinSize|x64.Build.0 = Release
		{8BE74328-0D9D-4F65-8122-B9B73C45D605}.Release|Win32.ActiveCfg = Release
		{8BE74328-0D9D-4F65-8122-B9B73C45D605}.Release|Win32.Build.0 = Release
		{8BE74328-0D9D-4F65-8122-B9B73C45D605}.Release|x64.ActiveCfg = Release
		{8BE74328-0D9D-4F65-8122-B9B73C45D605}.Release|x64.Build.0 = Release
		{8BE74328-0D9D-4F65-8122-B9B73C45D605}.Unicode Debug|Win32.ActiveCfg = Debug
		{8BE74328-0D9D-4F65-8122-B9B73C45D605}.Unicode Debug|Win32.Build.0 = Debug
		{8BE74328-0D9D-4F65-8122-B9B73C45D605}.Unicode Debug|x64.ActiveCfg = Debug
		{8BE74328-0D9D-4F65-8122-B9B73C45D605}.Unicode Debug|x64.Build.0 = Debug
		{8BE74328-0D9D-4F65-8122-B9B73C45D605}.Unicode Release MinDependency|Win32.ActiveCfg = Release
		{8BE74328-0D9D-4F65-8122-B9B73C45D605}.Unicode Release MinDependency|Win32.Build.0 = Release
		{8BE74328-0D9D-4F65-8122-B9B73C45D605}.Unicode Release MinDependency|x64.ActiveCfg = Release
		{8BE74328-0D9D-4F65-8122-B9B73C45D605}.Unicode Release MinDependency|x64.Build.0 = Release
		{8BE74328-0D9D-4F65-8122-B9B73C45D605}.Unicode Release MinSize|Win32.ActiveCfg = Release
		{8BE74328-0D9D-4F65-8122-B9B73C45D605}.Unicode Release MinSize|Win32.Build.0 = Release
		{8BE74328-0D9D-4F65-8122-B9B73C45D605}.Unicode Release MinSize|x64.ActiveCfg = Release
		{8BE74328-0D9D-4F65-8122-B9B73C45D605}.Unicode Release MinSize|x64.Build.0 = Release
	EndGlobalSection
	GlobalSection(SolutionProperties) = preSolution
		HideSolutionNode = FALSE
	EndGlobalSection
EndGlobal
