
Microsoft Visual Studio Solution File, Format Version 11.00
# Visual Studio 2010
Project("{6141683F-8A12-4E36-9623-2EB02B2C2303}") = "Installer", "Installer\Installer.isproj", "{26D74CC3-CFEF-4722-805C-70C4F9372EE9}"
EndProject
Global
	GlobalSection(SolutionConfigurationPlatforms) = preSolution
		CD_ROM|Default = CD_ROM|Default
		DVD-5|Default = DVD-5|Default
		SingleImage|Default = SingleImage|Default
	EndGlobalSection
	GlobalSection(ProjectConfigurationPlatforms) = postSolution
		{26D74CC3-CFEF-4722-805C-70C4F9372EE9}.CD_ROM|Default.ActiveCfg = CD_ROM
		{26D74CC3-CFEF-4722-805C-70C4F9372EE9}.CD_ROM|Default.Build.0 = CD_ROM
		{26D74CC3-CFEF-4722-805C-70C4F9372EE9}.DVD-5|Default.ActiveCfg = DVD-5
		{26D74CC3-CFEF-4722-805C-70C4F9372EE9}.DVD-5|Default.Build.0 = DVD-5
		{26D74CC3-CFEF-4722-805C-70C4F9372EE9}.SingleImage|Default.ActiveCfg = SingleImage
		{26D74CC3-CFEF-4722-805C-70C4F9372EE9}.SingleImage|Default.Build.0 = SingleImage
	EndGlobalSection
	GlobalSection(SolutionProperties) = preSolution
		HideSolutionNode = FALSE
	EndGlobalSection
EndGlobal
