
Microsoft Visual Studio Solution File, Format Version 11.00
# Visual Studio 2010
Project("{8BC9CEB8-8B4A-11D0-8D11-00A0C91BC942}") = "KBBar", "KBBar.vcxproj", "{6EA1FC7F-239B-4366-AF5E-002760ECB1FA}"
EndProject
Global
	GlobalSection(SolutionConfigurationPlatforms) = preSolution
		Debug|Win32 = Debug|Win32
		Release MinDependency|Win32 = Release MinDependency|Win32
		Release MinSize|Win32 = Release MinSize|Win32
		Unicode Debug|Win32 = Unicode Debug|Win32
		Unicode Release MinDependency|Win32 = Unicode Release MinDependency|Win32
		Unicode Release MinSize|Win32 = Unicode Release MinSize|Win32
	EndGlobalSection
	GlobalSection(ProjectConfigurationPlatforms) = postSolution
		{6EA1FC7F-239B-4366-AF5E-002760ECB1FA}.Debug|Win32.ActiveCfg = Debug|Win32
		{6EA1FC7F-239B-4366-AF5E-002760ECB1FA}.Debug|Win32.Build.0 = Debug|Win32
		{6EA1FC7F-239B-4366-AF5E-002760ECB1FA}.Release MinDependency|Win32.ActiveCfg = Debug|Win32
		{6EA1FC7F-239B-4366-AF5E-002760ECB1FA}.Release MinDependency|Win32.Build.0 = Debug|Win32
		{6EA1FC7F-239B-4366-AF5E-002760ECB1FA}.Release MinSize|Win32.ActiveCfg = Debug|Win32
		{6EA1FC7F-239B-4366-AF5E-002760ECB1FA}.Release MinSize|Win32.Build.0 = Debug|Win32
		{6EA1FC7F-239B-4366-AF5E-002760ECB1FA}.Unicode Debug|Win32.ActiveCfg = Debug|Win32
		{6EA1FC7F-239B-4366-AF5E-002760ECB1FA}.Unicode Debug|Win32.Build.0 = Debug|Win32
		{6EA1FC7F-239B-4366-AF5E-002760ECB1FA}.Unicode Release MinDependency|Win32.ActiveCfg = Debug|Win32
		{6EA1FC7F-239B-4366-AF5E-002760ECB1FA}.Unicode Release MinDependency|Win32.Build.0 = Debug|Win32
		{6EA1FC7F-239B-4366-AF5E-002760ECB1FA}.Unicode Release MinSize|Win32.ActiveCfg = Debug|Win32
		{6EA1FC7F-239B-4366-AF5E-002760ECB1FA}.Unicode Release MinSize|Win32.Build.0 = Debug|Win32
	EndGlobalSection
	GlobalSection(SolutionProperties) = preSolution
		HideSolutionNode = FALSE
	EndGlobalSection
EndGlobal
